
Microsoft Visual Studio Solution File, Format Version 12.00
# Visual Studio Version 17
VisualStudioVersion = 17.3.32804.467
MinimumVisualStudioVersion = 10.0.40219.1
Project("{9A19103F-16F7-4668-BE54-9A1E7A4F7556}") = "Nebula.EFModels", "Nebula.EFModels\Nebula.EFModels.csproj", "{BCA833B8-BDA4-410B-811D-381C420EAA57}"
EndProject
Project("{9A19103F-16F7-4668-BE54-9A1E7A4F7556}") = "Nebula.API", "Nebula.API\Nebula.API.csproj", "{08A79878-7C33-4006-BF72-F0862B30A916}"
EndProject
Project("{9A19103F-16F7-4668-BE54-9A1E7A4F7556}") = "Nebula.Models", "Nebula.Models\Nebula.Models.csproj", "{33EFE513-43CA-4375-A3BA-3D0CD3513571}"
EndProject
Project("{E53339B2-1760-4266-BCC7-CA923CBCF16C}") = "docker-compose", "docker-compose\docker-compose.dcproj", "{4ADC0EA7-5D32-4AEC-B818-FCC266A4E6F6}"
EndProject
Project("{00D1A9C2-B5F0-4AF3-8072-F6C62B433612}") = "Nebula.Database", "Nebula.Database\Nebula.Database.sqlproj", "{8851EB6A-BCEA-42B4-83DD-125A1BCFAA52}"
EndProject
Project("{9A19103F-16F7-4668-BE54-9A1E7A4F7556}") = "Splash.Tests", "Nebula.Tests\Splash.Tests.csproj", "{1F5B12E4-AAAF-4E2E-A0D8-65899472E027}"
EndProject
Global
	GlobalSection(SolutionConfigurationPlatforms) = preSolution
		Debug|Any CPU = Debug|Any CPU
		Release|Any CPU = Release|Any CPU
	EndGlobalSection
	GlobalSection(ProjectConfigurationPlatforms) = postSolution
		{BCA833B8-BDA4-410B-811D-381C420EAA57}.Debug|Any CPU.ActiveCfg = Debug|Any CPU
		{BCA833B8-BDA4-410B-811D-381C420EAA57}.Debug|Any CPU.Build.0 = Debug|Any CPU
		{BCA833B8-BDA4-410B-811D-381C420EAA57}.Release|Any CPU.ActiveCfg = Release|Any CPU
		{BCA833B8-BDA4-410B-811D-381C420EAA57}.Release|Any CPU.Build.0 = Release|Any CPU
		{08A79878-7C33-4006-BF72-F0862B30A916}.Debug|Any CPU.ActiveCfg = Debug|Any CPU
		{08A79878-7C33-4006-BF72-F0862B30A916}.Debug|Any CPU.Build.0 = Debug|Any CPU
		{08A79878-7C33-4006-BF72-F0862B30A916}.Release|Any CPU.ActiveCfg = Release|Any CPU
		{08A79878-7C33-4006-BF72-F0862B30A916}.Release|Any CPU.Build.0 = Release|Any CPU
		{33EFE513-43CA-4375-A3BA-3D0CD3513571}.Debug|Any CPU.ActiveCfg = Debug|Any CPU
		{33EFE513-43CA-4375-A3BA-3D0CD3513571}.Debug|Any CPU.Build.0 = Debug|Any CPU
		{33EFE513-43CA-4375-A3BA-3D0CD3513571}.Release|Any CPU.ActiveCfg = Release|Any CPU
		{33EFE513-43CA-4375-A3BA-3D0CD3513571}.Release|Any CPU.Build.0 = Release|Any CPU
		{4ADC0EA7-5D32-4AEC-B818-FCC266A4E6F6}.Debug|Any CPU.ActiveCfg = Debug|Any CPU
		{4ADC0EA7-5D32-4AEC-B818-FCC266A4E6F6}.Debug|Any CPU.Build.0 = Debug|Any CPU
		{4ADC0EA7-5D32-4AEC-B818-FCC266A4E6F6}.Release|Any CPU.ActiveCfg = Release|Any CPU
		{4ADC0EA7-5D32-4AEC-B818-FCC266A4E6F6}.Release|Any CPU.Build.0 = Release|Any CPU
		{8851EB6A-BCEA-42B4-83DD-125A1BCFAA52}.Debug|Any CPU.ActiveCfg = Debug|Any CPU
		{8851EB6A-BCEA-42B4-83DD-125A1BCFAA52}.Debug|Any CPU.Build.0 = Debug|Any CPU
		{8851EB6A-BCEA-42B4-83DD-125A1BCFAA52}.Debug|Any CPU.Deploy.0 = Debug|Any CPU
		{8851EB6A-BCEA-42B4-83DD-125A1BCFAA52}.Release|Any CPU.ActiveCfg = Release|Any CPU
		{8851EB6A-BCEA-42B4-83DD-125A1BCFAA52}.Release|Any CPU.Build.0 = Release|Any CPU
		{8851EB6A-BCEA-42B4-83DD-125A1BCFAA52}.Release|Any CPU.Deploy.0 = Release|Any CPU
		{1F5B12E4-AAAF-4E2E-A0D8-65899472E027}.Debug|Any CPU.ActiveCfg = Debug|Any CPU
		{1F5B12E4-AAAF-4E2E-A0D8-65899472E027}.Debug|Any CPU.Build.0 = Debug|Any CPU
		{1F5B12E4-AAAF-4E2E-A0D8-65899472E027}.Release|Any CPU.ActiveCfg = Release|Any CPU
		{1F5B12E4-AAAF-4E2E-A0D8-65899472E027}.Release|Any CPU.Build.0 = Release|Any CPU
	EndGlobalSection
	GlobalSection(SolutionProperties) = preSolution
		HideSolutionNode = FALSE
	EndGlobalSection
	GlobalSection(ExtensibilityGlobals) = postSolution
		SolutionGuid = {98C88476-C20A-4B23-A125-AF5E026E033E}
	EndGlobalSection
EndGlobal
